
Microsoft Visual Studio Solution File, Format Version 12.00
# Visual Studio Version 17
VisualStudioVersion = 17.14.36301.6
MinimumVisualStudioVersion = 10.0.40219.1
Project("{FAE04EC0-301F-11D3-BF4B-00C04F79EFBC}") = "MAF.Assistants", "MAF.Assistants.csproj", "{3E3C8606-14BC-46D5-B0D1-C1AF8BF4D77C}"
EndProject
Project("{2150E333-8FDC-42A3-9474-1A3956D46DE8}") = "Solution Items", "Solution Items", "{8EC462FD-D22E-90A8-E5CE-7E832BA40C5D}"
	ProjectSection(SolutionItems) = preProject
		..\README.md = ..\README.md
	EndProjectSection
EndProject
Project("{FAE04EC0-301F-11D3-BF4B-00C04F79EFBC}") = "MAF.Tests", "..\MAF.Tests\MAF.Tests.csproj", "{A11CCEA5-3D50-44F7-BEFA-24BBE78E4213}"
EndProject
Project("{FAE04EC0-301F-11D3-BF4B-00C04F79EFBC}") = "MAF.UI", "..\MAF.UI\MAF.UI.csproj", "{08538AA2-BA6E-44C1-9FBE-C70E7E436DB4}"
EndProject
Global
	GlobalSection(SolutionConfigurationPlatforms) = preSolution
		Debug|Any CPU = Debug|Any CPU
		Debug|x64 = Debug|x64
		Debug|x86 = Debug|x86
		Release|Any CPU = Release|Any CPU
		Release|x64 = Release|x64
		Release|x86 = Release|x86
	EndGlobalSection
	GlobalSection(ProjectConfigurationPlatforms) = postSolution
		{3E3C8606-14BC-46D5-B0D1-C1AF8BF4D77C}.Debug|Any CPU.ActiveCfg = Debug|Any CPU
		{3E3C8606-14BC-46D5-B0D1-C1AF8BF4D77C}.Debug|Any CPU.Build.0 = Debug|Any CPU
		{3E3C8606-14BC-46D5-B0D1-C1AF8BF4D77C}.Debug|x64.ActiveCfg = Debug|Any CPU
		{3E3C8606-14BC-46D5-B0D1-C1AF8BF4D77C}.Debug|x64.Build.0 = Debug|Any CPU
		{3E3C8606-14BC-46D5-B0D1-C1AF8BF4D77C}.Debug|x86.ActiveCfg = Debug|Any CPU
		{3E3C8606-14BC-46D5-B0D1-C1AF8BF4D77C}.Debug|x86.Build.0 = Debug|Any CPU
		{3E3C8606-14BC-46D5-B0D1-C1AF8BF4D77C}.Release|Any CPU.ActiveCfg = Release|Any CPU
		{3E3C8606-14BC-46D5-B0D1-C1AF8BF4D77C}.Release|Any CPU.Build.0 = Release|Any CPU
		{3E3C8606-14BC-46D5-B0D1-C1AF8BF4D77C}.Release|x64.ActiveCfg = Release|Any CPU
		{3E3C8606-14BC-46D5-B0D1-C1AF8BF4D77C}.Release|x64.Build.0 = Release|Any CPU
		{3E3C8606-14BC-46D5-B0D1-C1AF8BF4D77C}.Release|x86.ActiveCfg = Release|Any CPU
		{3E3C8606-14BC-46D5-B0D1-C1AF8BF4D77C}.Release|x86.Build.0 = Release|Any CPU
		{A11CCEA5-3D50-44F7-BEFA-24BBE78E4213}.Debug|Any CPU.ActiveCfg = Debug|Any CPU
		{A11CCEA5-3D50-44F7-BEFA-24BBE78E4213}.Debug|Any CPU.Build.0 = Debug|Any CPU
		{A11CCEA5-3D50-44F7-BEFA-24BBE78E4213}.Debug|x64.ActiveCfg = Debug|Any CPU
		{A11CCEA5-3D50-44F7-BEFA-24BBE78E4213}.Debug|x64.Build.0 = Debug|Any CPU
		{A11CCEA5-3D50-44F7-BEFA-24BBE78E4213}.Debug|x86.ActiveCfg = Debug|Any CPU
		{A11CCEA5-3D50-44F7-BEFA-24BBE78E4213}.Debug|x86.Build.0 = Debug|Any CPU
		{A11CCEA5-3D50-44F7-BEFA-24BBE78E4213}.Release|Any CPU.ActiveCfg = Release|Any CPU
		{A11CCEA5-3D50-44F7-BEFA-24BBE78E4213}.Release|Any CPU.Build.0 = Release|Any CPU
		{A11CCEA5-3D50-44F7-BEFA-24BBE78E4213}.Release|x64.ActiveCfg = Release|Any CPU
		{A11CCEA5-3D50-44F7-BEFA-24BBE78E4213}.Release|x64.Build.0 = Release|Any CPU
		{A11CCEA5-3D50-44F7-BEFA-24BBE78E4213}.Release|x86.ActiveCfg = Release|Any CPU
		{A11CCEA5-3D50-44F7-BEFA-24BBE78E4213}.Release|x86.Build.0 = Release|Any CPU
		{08538AA2-BA6E-44C1-9FBE-C70E7E436DB4}.Debug|Any CPU.ActiveCfg = Debug|Any CPU
		{08538AA2-BA6E-44C1-9FBE-C70E7E436DB4}.Debug|Any CPU.Build.0 = Debug|Any CPU
		{08538AA2-BA6E-44C1-9FBE-C70E7E436DB4}.Debug|x64.ActiveCfg = Debug|Any CPU
		{08538AA2-BA6E-44C1-9FBE-C70E7E436DB4}.Debug|x64.Build.0 = Debug|Any CPU
		{08538AA2-BA6E-44C1-9FBE-C70E7E436DB4}.Debug|x86.ActiveCfg = Debug|Any CPU
		{08538AA2-BA6E-44C1-9FBE-C70E7E436DB4}.Debug|x86.Build.0 = Debug|Any CPU
		{08538AA2-BA6E-44C1-9FBE-C70E7E436DB4}.Release|Any CPU.ActiveCfg = Release|Any CPU
		{08538AA2-BA6E-44C1-9FBE-C70E7E436DB4}.Release|Any CPU.Build.0 = Release|Any CPU
		{08538AA2-BA6E-44C1-9FBE-C70E7E436DB4}.Release|x64.ActiveCfg = Release|Any CPU
		{08538AA2-BA6E-44C1-9FBE-C70E7E436DB4}.Release|x64.Build.0 = Release|Any CPU
		{08538AA2-BA6E-44C1-9FBE-C70E7E436DB4}.Release|x86.ActiveCfg = Release|Any CPU
		{08538AA2-BA6E-44C1-9FBE-C70E7E436DB4}.Release|x86.Build.0 = Release|Any CPU
	EndGlobalSection
	GlobalSection(SolutionProperties) = preSolution
		HideSolutionNode = FALSE
	EndGlobalSection
	GlobalSection(ExtensibilityGlobals) = postSolution
		SolutionGuid = {40A31B66-DFD4-4A0E-A042-53F956A6E4F9}
	EndGlobalSection
EndGlobal
